<?xml version="1.0" encoding="utf-8"?>
<Project ToolsVersion="14.0" xmlns="http://schemas.microsoft.com/developer/msbuild/2003">
  <ItemGroup>
    <Filter Include="Resource Files">
      <UniqueIdentifier>{67DA6AB6-F800-4c08-8B7A-83BB121AAD01}</UniqueIdentifier>
      <Extensions>rc;ico;cur;bmp;dlg;rc2;rct;bin;rgs;gif;jpg;jpeg;jpe;resx;tga;tiff;tif;png;wav;mfcribbon-ms</Extensions>
    </Filter>
    <Filter Include="Predefined">
      <UniqueIdentifier>{3098852d-041a-4d43-91b9-c5a8098d44e7}</UniqueIdentifier>
    </Filter>
  </ItemGroup>
  <ItemGroup>
    <ClCompile Include="pch.cpp" />
    <ClCompile Include="UWPMemory.cpp">
      <Filter>Predefined</Filter>
    </ClCompile>
    <ClCompile Include="Library.UWP.cpp">
      <Filter>Predefined</Filter>
    </ClCompile>
    <ClCompile Include="UWPFileManager.cpp" />
    <ClCompile Include="UWPFileHandle.cpp" />
  </ItemGroup>
  <ItemGroup>
    <ClInclude Include="pch.h" />
    <ClInclude Include="UWPMemory.h">
      <Filter>Predefined</Filter>
    </ClInclude>
    <ClInclude Include="targetver.h">
      <Filter>Predefined</Filter>
    </ClInclude>
    <ClInclude Include="Library.UWP.h">
      <Filter>Predefined</Filter>
    </ClInclude>
    <ClInclude Include="UWPFileManager.h" />
    <ClInclude Include="UWPFileHandle.h" />
  </ItemGroup>
</Project>