<?xml version="1.0" encoding="utf-8"?>
<Project ToolsVersion="4.0" xmlns="http://schemas.microsoft.com/developer/msbuild/2003">
  <ItemGroup>
    <ClInclude Include="pch.h" />
    <ClInclude Include="Game.h">
      <Filter>Game</Filter>
    </ClInclude>
    <ClInclude Include="ActionTogglePauseMusic.h">
      <Filter>Kernel\Actions</Filter>
    </ClInclude>
    <ClInclude Include="ActionLoadMusic.h">
      <Filter>Kernel\Actions</Filter>
    </ClInclude>
    <ClInclude Include="ActionPlayMusic.h">
      <Filter>Kernel\Actions</Filter>
    </ClInclude>
    <ClInclude Include="ActionStopMusic.h">
      <Filter>Kernel\Actions</Filter>
    </ClInclude>
    <ClInclude Include="GameObject.h">
      <Filter>Game</Filter>
    </ClInclude>
    <ClInclude Include="XmlParseHelperGameObject.h">
      <Filter>XmlParseHelpers</Filter>
    </ClInclude>
    <ClInclude Include="CircleColliderComponent.h">
      <Filter>Game\Components</Filter>
    </ClInclude>
    <ClInclude Include="InputManager.h">
      <Filter>Kernel\Input</Filter>
    </ClInclude>
    <ClInclude Include="DesktopMemory.h">
      <Filter>Memory</Filter>
    </ClInclude>
    <ClInclude Include="DesktopFileManager.h" />
    <ClInclude Include="DesktopFileHandle.h" />
    <ClInclude Include="DesktopAudioManager.h" />
  </ItemGroup>
  <ItemGroup>
    <ClCompile Include="pch.cpp" />
    <ClCompile Include="Game.cpp">
      <Filter>Game</Filter>
    </ClCompile>
    <ClCompile Include="GameObject.cpp">
      <Filter>Game</Filter>
    </ClCompile>
    <ClCompile Include="XmlParseHelperGameObject.cpp">
      <Filter>XmlParseHelpers</Filter>
    </ClCompile>
    <ClCompile Include="CircleColliderComponent.cpp">
      <Filter>Game\Components</Filter>
    </ClCompile>
    <ClCompile Include="ActionLoadMusic.cpp">
      <Filter>Kernel\Actions</Filter>
    </ClCompile>
    <ClCompile Include="ActionPlayMusic.cpp">
      <Filter>Kernel\Actions</Filter>
    </ClCompile>
    <ClCompile Include="ActionStopMusic.cpp">
      <Filter>Kernel\Actions</Filter>
    </ClCompile>
    <ClCompile Include="ActionTogglePauseMusic.cpp">
      <Filter>Kernel\Actions</Filter>
    </ClCompile>
    <ClCompile Include="InputManager.cpp">
      <Filter>Kernel\Input</Filter>
    </ClCompile>
    <ClCompile Include="DesktopMemory.cpp">
      <Filter>Memory</Filter>
    </ClCompile>
    <ClCompile Include="DesktopFileManager.cpp" />
    <ClCompile Include="DesktopFileHandle.cpp" />
    <ClCompile Include="DesktopAudioManager.cpp" />
  </ItemGroup>
  <ItemGroup>
    <Filter Include="Kernel">
      <UniqueIdentifier>{2033ed55-8f3b-4ec8-bb52-925fe9fb8498}</UniqueIdentifier>
    </Filter>
    <Filter Include="Kernel\Actions">
      <UniqueIdentifier>{4a675d0f-1bc5-41bd-b87b-7d54457da1e0}</UniqueIdentifier>
    </Filter>
    <Filter Include="Game">
      <UniqueIdentifier>{1a8892a5-8c0e-4ec2-9d05-78b2304d8d38}</UniqueIdentifier>
    </Filter>
    <Filter Include="Kernel\Input">
      <UniqueIdentifier>{47b9067a-1920-4c6a-9348-923f2602694f}</UniqueIdentifier>
    </Filter>
    <Filter Include="Memory">
      <UniqueIdentifier>{6d21600a-bee3-4c55-b87a-6d50b84aa3db}</UniqueIdentifier>
    </Filter>
  </ItemGroup>
</Project>