<?xml version="1.0" encoding="utf-8"?>
<Project ToolsVersion="14.0" xmlns="http://schemas.microsoft.com/developer/msbuild/2003">
  <ItemGroup>
    <Filter Include="Common">
      <UniqueIdentifier>dfd76bab-f81f-46b9-a056-dfa02e7df8e6</UniqueIdentifier>
    </Filter>
    <Filter Include="Assets">
      <UniqueIdentifier>a2cd6218-c928-47d0-8312-87097d69dda6</UniqueIdentifier>
      <Extensions>bmp;fbx;gif;jpg;jpeg;tga;tiff;tif;png</Extensions>
    </Filter>
  </ItemGroup>
  <ItemGroup>
    <ApplicationDefinition Include="UnitTestApp.xaml" />
  </ItemGroup>
  <ItemGroup>
    <ClCompile Include="UnitTestApp.xaml.cpp" />
    <ClCompile Include="pch.cpp" />
    <ClCompile Include="Foo.cpp" />
    <ClCompile Include="SharedPtrTest.cpp" />
    <ClCompile Include="UniquePtrTest.cpp" />
    <ClCompile Include="MemoryManagerTest.cpp" />
    <ClCompile Include="FileManagerTest.cpp" />
    <ClCompile Include="EngineModuleTest.cpp" />
  </ItemGroup>
  <ItemGroup>
    <ClInclude Include="pch.h" />
    <ClInclude Include="UnitTestApp.xaml.h" />
    <ClInclude Include="Foo.h" />
  </ItemGroup>
  <ItemGroup>
    <Xml Include="UnitTestApp.rd.xml" />
    <Xml Include="Assets\test.xml">
      <Filter>Assets</Filter>
    </Xml>
    <Xml Include="Assets\test2.xml">
      <Filter>Assets</Filter>
    </Xml>
  </ItemGroup>
  <ItemGroup>
    <Image Include="Assets\LockScreenLogo.scale-200.png">
      <Filter>Assets</Filter>
    </Image>
    <Image Include="Assets\SplashScreen.scale-200.png">
      <Filter>Assets</Filter>
    </Image>
    <Image Include="Assets\Square44x44Logo.scale-200.png">
      <Filter>Assets</Filter>
    </Image>
    <Image Include="Assets\Square44x44Logo.targetsize-24_altform-unplated.png">
      <Filter>Assets</Filter>
    </Image>
    <Image Include="Assets\Square150x150Logo.scale-200.png">
      <Filter>Assets</Filter>
    </Image>
    <Image Include="Assets\StoreLogo.png">
      <Filter>Assets</Filter>
    </Image>
    <Image Include="Assets\Wide310x150Logo.scale-200.png">
      <Filter>Assets</Filter>
    </Image>
  </ItemGroup>
  <ItemGroup>
    <AppxManifest Include="Package.appxmanifest" />
  </ItemGroup>
  <ItemGroup>
    <None Include="UnitTest.Library.UWP_TemporaryKey.pfx" />
  </ItemGroup>
</Project>