<?xml version="1.0" encoding="utf-8"?>
<Project ToolsVersion="4.0" xmlns="http://schemas.microsoft.com/developer/msbuild/2003">
  <ItemGroup>
    <Filter Include="Memory">
      <UniqueIdentifier>{b0813ae3-6d92-4f52-bd77-a689d6908430}</UniqueIdentifier>
    </Filter>
    <Filter Include="Engine">
      <UniqueIdentifier>{520c2516-9a06-46d7-a5b7-191957525351}</UniqueIdentifier>
    </Filter>
    <Filter Include="Containers">
      <UniqueIdentifier>{f63dc128-887f-4071-96bc-ba7de2f0a4b9}</UniqueIdentifier>
    </Filter>
    <Filter Include="Containers\DefaultAlgos">
      <UniqueIdentifier>{c7a15c93-6734-4cca-82ae-efc9d31d0bd4}</UniqueIdentifier>
    </Filter>
  </ItemGroup>
  <ItemGroup>
    <ClInclude Include="$(MSBuildThisFileDirectory)SharedPtr.h">
      <Filter>Memory</Filter>
    </ClInclude>
    <ClInclude Include="$(MSBuildThisFileDirectory)UniquePtr.h">
      <Filter>Memory</Filter>
    </ClInclude>
    <ClInclude Include="$(MSBuildThisFileDirectory)HeapManager.h">
      <Filter>Memory</Filter>
    </ClInclude>
    <ClInclude Include="$(MSBuildThisFileDirectory)CustomHeap.h">
      <Filter>Memory</Filter>
    </ClInclude>
    <ClInclude Include="$(MSBuildThisFileDirectory)Memory.h">
      <Filter>Memory</Filter>
    </ClInclude>
    <ClInclude Include="$(MSBuildThisFileDirectory)SmartPtr.h">
      <Filter>Memory</Filter>
    </ClInclude>
    <ClInclude Include="$(MSBuildThisFileDirectory)SList.h">
      <Filter>Containers</Filter>
    </ClInclude>
    <ClInclude Include="$(MSBuildThisFileDirectory)Vector.h">
      <Filter>Containers</Filter>
    </ClInclude>
    <ClInclude Include="$(MSBuildThisFileDirectory)Stack.h">
      <Filter>Containers</Filter>
    </ClInclude>
    <ClInclude Include="$(MSBuildThisFileDirectory)Hashmap.h">
      <Filter>Containers</Filter>
    </ClInclude>
    <ClInclude Include="$(MSBuildThisFileDirectory)DefaultHash.h">
      <Filter>Containers\DefaultAlgos</Filter>
    </ClInclude>
    <ClInclude Include="$(MSBuildThisFileDirectory)DefaultReserveStrategy.h">
      <Filter>Containers\DefaultAlgos</Filter>
    </ClInclude>
    <ClInclude Include="$(MSBuildThisFileDirectory)Factory.h">
      <Filter>Engine</Filter>
    </ClInclude>
    <ClInclude Include="$(MSBuildThisFileDirectory)RTTI.h">
      <Filter>Engine</Filter>
    </ClInclude>
    <ClInclude Include="$(MSBuildThisFileDirectory)Engine.h">
      <Filter>Engine</Filter>
    </ClInclude>
    <ClInclude Include="$(MSBuildThisFileDirectory)EngineModule.h">
      <Filter>Engine</Filter>
    </ClInclude>
    <ClInclude Include="$(MSBuildThisFileDirectory)FileManager.h" />
  </ItemGroup>
  <ItemGroup>
    <None Include="$(MSBuildThisFileDirectory)SharedPtr.inl">
      <Filter>Memory</Filter>
    </None>
    <None Include="$(MSBuildThisFileDirectory)UniquePtr.inl">
      <Filter>Memory</Filter>
    </None>
    <None Include="$(MSBuildThisFileDirectory)SList.inl">
      <Filter>Containers</Filter>
    </None>
    <None Include="$(MSBuildThisFileDirectory)Vector.inl">
      <Filter>Containers</Filter>
    </None>
    <None Include="$(MSBuildThisFileDirectory)Stack.inl">
      <Filter>Containers</Filter>
    </None>
    <None Include="$(MSBuildThisFileDirectory)Hashmap.inl">
      <Filter>Containers</Filter>
    </None>
    <None Include="$(MSBuildThisFileDirectory)Factory.inl">
      <Filter>Engine</Filter>
    </None>
  </ItemGroup>
  <ItemGroup>
    <ClCompile Include="$(MSBuildThisFileDirectory)HeapManager.cpp">
      <Filter>Memory</Filter>
    </ClCompile>
    <ClCompile Include="$(MSBuildThisFileDirectory)CustomHeap.cpp">
      <Filter>Memory</Filter>
    </ClCompile>
    <ClCompile Include="$(MSBuildThisFileDirectory)Memory.cpp">
      <Filter>Memory</Filter>
    </ClCompile>
    <ClCompile Include="$(MSBuildThisFileDirectory)SmartPtr.cpp">
      <Filter>Memory</Filter>
    </ClCompile>
    <ClCompile Include="$(MSBuildThisFileDirectory)DefaultHash.cpp">
      <Filter>Containers\DefaultAlgos</Filter>
    </ClCompile>
    <ClCompile Include="$(MSBuildThisFileDirectory)DefaultReserveStrategy.cpp">
      <Filter>Containers\DefaultAlgos</Filter>
    </ClCompile>
    <ClCompile Include="$(MSBuildThisFileDirectory)RTTI.cpp">
      <Filter>Engine</Filter>
    </ClCompile>
    <ClCompile Include="$(MSBuildThisFileDirectory)Engine.cpp">
      <Filter>Engine</Filter>
    </ClCompile>
    <ClCompile Include="$(MSBuildThisFileDirectory)EngineModule.cpp">
      <Filter>Engine</Filter>
    </ClCompile>
    <ClCompile Include="$(MSBuildThisFileDirectory)FileManager.cpp" />
  </ItemGroup>
</Project>