<?xml version="1.0" encoding="utf-8"?>
<Project ToolsVersion="4.0" xmlns="http://schemas.microsoft.com/developer/msbuild/2003">
  <ItemGroup>
    <Filter Include="Memory">
      <UniqueIdentifier>{b0813ae3-6d92-4f52-bd77-a689d6908430}</UniqueIdentifier>
    </Filter>
    <Filter Include="Engine">
      <UniqueIdentifier>{520c2516-9a06-46d7-a5b7-191957525351}</UniqueIdentifier>
    </Filter>
    <Filter Include="Containers">
      <UniqueIdentifier>{f63dc128-887f-4071-96bc-ba7de2f0a4b9}</UniqueIdentifier>
    </Filter>
    <Filter Include="Containers\DefaultAlgos">
      <UniqueIdentifier>{c7a15c93-6734-4cca-82ae-efc9d31d0bd4}</UniqueIdentifier>
    </Filter>
    <Filter Include="Engine\Kernel">
      <UniqueIdentifier>{bd8c1f97-d556-44fb-94b5-3489c5df75ea}</UniqueIdentifier>
    </Filter>
    <Filter Include="Engine\File Handling">
      <UniqueIdentifier>{613bc8fa-b0f0-4abd-996b-3e1a26bec040}</UniqueIdentifier>
    </Filter>
    <Filter Include="Engine\Game">
      <UniqueIdentifier>{dd469816-daba-4684-b0c0-23fd6b032ec0}</UniqueIdentifier>
    </Filter>
    <Filter Include="Engine\Event">
      <UniqueIdentifier>{5f685e24-0b54-4381-83bc-80c45c6c5e78}</UniqueIdentifier>
    </Filter>
    <Filter Include="Engine\Kernel\Actions">
      <UniqueIdentifier>{4245651f-a25c-4bd4-80e5-5de1045112ad}</UniqueIdentifier>
    </Filter>
    <Filter Include="XmlParseHelpers">
      <UniqueIdentifier>{cbc99430-bf93-4af2-be1c-119bbab07056}</UniqueIdentifier>
    </Filter>
    <Filter Include="Engine\Kernel\Reaction">
      <UniqueIdentifier>{539ea5af-5569-471b-8d7e-986599909d70}</UniqueIdentifier>
    </Filter>
    <Filter Include="Engine\Graphics">
      <UniqueIdentifier>{c59e54f3-25c1-4f94-9e7c-aee21353697b}</UniqueIdentifier>
    </Filter>
    <Filter Include="Engine\Audio">
      <UniqueIdentifier>{9536ec5a-f9e3-483a-9bc4-0103d350a6d5}</UniqueIdentifier>
    </Filter>
  </ItemGroup>
  <ItemGroup>
    <ClInclude Include="$(MSBuildThisFileDirectory)SharedPtr.h">
      <Filter>Memory</Filter>
    </ClInclude>
    <ClInclude Include="$(MSBuildThisFileDirectory)UniquePtr.h">
      <Filter>Memory</Filter>
    </ClInclude>
    <ClInclude Include="$(MSBuildThisFileDirectory)HeapManager.h">
      <Filter>Memory</Filter>
    </ClInclude>
    <ClInclude Include="$(MSBuildThisFileDirectory)CustomHeap.h">
      <Filter>Memory</Filter>
    </ClInclude>
    <ClInclude Include="$(MSBuildThisFileDirectory)Memory.h">
      <Filter>Memory</Filter>
    </ClInclude>
    <ClInclude Include="$(MSBuildThisFileDirectory)SmartPtr.h">
      <Filter>Memory</Filter>
    </ClInclude>
    <ClInclude Include="$(MSBuildThisFileDirectory)SList.h">
      <Filter>Containers</Filter>
    </ClInclude>
    <ClInclude Include="$(MSBuildThisFileDirectory)Vector.h">
      <Filter>Containers</Filter>
    </ClInclude>
    <ClInclude Include="$(MSBuildThisFileDirectory)Stack.h">
      <Filter>Containers</Filter>
    </ClInclude>
    <ClInclude Include="$(MSBuildThisFileDirectory)Hashmap.h">
      <Filter>Containers</Filter>
    </ClInclude>
    <ClInclude Include="$(MSBuildThisFileDirectory)DefaultHash.h">
      <Filter>Containers\DefaultAlgos</Filter>
    </ClInclude>
    <ClInclude Include="$(MSBuildThisFileDirectory)DefaultReserveStrategy.h">
      <Filter>Containers\DefaultAlgos</Filter>
    </ClInclude>
    <ClInclude Include="$(MSBuildThisFileDirectory)Graph.h">
      <Filter>Containers</Filter>
    </ClInclude>
    <ClInclude Include="$(MSBuildThisFileDirectory)Datum.h">
      <Filter>Engine\Kernel</Filter>
    </ClInclude>
    <ClInclude Include="$(MSBuildThisFileDirectory)Scope.h">
      <Filter>Engine\Kernel</Filter>
    </ClInclude>
    <ClInclude Include="$(MSBuildThisFileDirectory)FileHandle.h">
      <Filter>Engine\File Handling</Filter>
    </ClInclude>
    <ClInclude Include="$(MSBuildThisFileDirectory)FileManager.h">
      <Filter>Engine\File Handling</Filter>
    </ClInclude>
    <ClInclude Include="$(MSBuildThisFileDirectory)Engine.h">
      <Filter>Engine\Kernel</Filter>
    </ClInclude>
    <ClInclude Include="$(MSBuildThisFileDirectory)EngineModule.h">
      <Filter>Engine\Kernel</Filter>
    </ClInclude>
    <ClInclude Include="$(MSBuildThisFileDirectory)Factory.h">
      <Filter>Engine\Kernel</Filter>
    </ClInclude>
    <ClInclude Include="$(MSBuildThisFileDirectory)RTTI.h">
      <Filter>Engine\Kernel</Filter>
    </ClInclude>
    <ClInclude Include="$(MSBuildThisFileDirectory)Attributed.h">
      <Filter>Engine\Kernel</Filter>
    </ClInclude>
    <ClInclude Include="$(MSBuildThisFileDirectory)Action.h">
      <Filter>Engine\Kernel</Filter>
    </ClInclude>
    <ClInclude Include="$(MSBuildThisFileDirectory)Entity.h">
      <Filter>Engine\Kernel</Filter>
    </ClInclude>
    <ClInclude Include="$(MSBuildThisFileDirectory)Sector.h">
      <Filter>Engine\Kernel</Filter>
    </ClInclude>
    <ClInclude Include="$(MSBuildThisFileDirectory)World.h">
      <Filter>Engine\Kernel</Filter>
    </ClInclude>
    <ClInclude Include="$(MSBuildThisFileDirectory)WorldState.h">
      <Filter>Engine\Kernel</Filter>
    </ClInclude>
    <ClInclude Include="$(MSBuildThisFileDirectory)GameTime.h">
      <Filter>Engine\Game</Filter>
    </ClInclude>
    <ClInclude Include="$(MSBuildThisFileDirectory)GameClock.h">
      <Filter>Engine\Game</Filter>
    </ClInclude>
    <ClInclude Include="$(MSBuildThisFileDirectory)SharedDataTable.h">
      <Filter>Engine\Game</Filter>
    </ClInclude>
    <ClInclude Include="$(MSBuildThisFileDirectory)Event.h">
      <Filter>Engine\Event</Filter>
    </ClInclude>
    <ClInclude Include="$(MSBuildThisFileDirectory)EventPublisher.h">
      <Filter>Engine\Event</Filter>
    </ClInclude>
    <ClInclude Include="$(MSBuildThisFileDirectory)EventQueue.h">
      <Filter>Engine\Event</Filter>
    </ClInclude>
    <ClInclude Include="$(MSBuildThisFileDirectory)IEventSubscriber.h">
      <Filter>Engine\Event</Filter>
    </ClInclude>
    <ClInclude Include="$(MSBuildThisFileDirectory)ActionCreateEntity.h">
      <Filter>Engine\Kernel\Actions</Filter>
    </ClInclude>
    <ClInclude Include="$(MSBuildThisFileDirectory)ActionDestroyEntity.h">
      <Filter>Engine\Kernel\Actions</Filter>
    </ClInclude>
    <ClInclude Include="$(MSBuildThisFileDirectory)ActionExpression.h">
      <Filter>Engine\Kernel\Actions</Filter>
    </ClInclude>
    <ClInclude Include="$(MSBuildThisFileDirectory)ActionIfThenElse.h">
      <Filter>Engine\Kernel\Actions</Filter>
    </ClInclude>
    <ClInclude Include="$(MSBuildThisFileDirectory)ActionList.h">
      <Filter>Engine\Kernel\Actions</Filter>
    </ClInclude>
    <ClInclude Include="$(MSBuildThisFileDirectory)ActionListSwitch.h">
      <Filter>Engine\Kernel\Actions</Filter>
    </ClInclude>
    <ClInclude Include="$(MSBuildThisFileDirectory)ActionWhileLoop.h">
      <Filter>Engine\Kernel\Actions</Filter>
    </ClInclude>
    <ClInclude Include="$(MSBuildThisFileDirectory)XmlParseMaster.h">
      <Filter>Engine</Filter>
    </ClInclude>
    <ClInclude Include="$(MSBuildThisFileDirectory)IXmlParseHelper.h">
      <Filter>Engine</Filter>
    </ClInclude>
    <ClInclude Include="$(MSBuildThisFileDirectory)TestEngineModule.h">
      <Filter>Engine</Filter>
    </ClInclude>
    <ClInclude Include="$(MSBuildThisFileDirectory)ActionCreateEntityFromFile.h">
      <Filter>Engine\Kernel\Actions</Filter>
    </ClInclude>
    <ClInclude Include="$(MSBuildThisFileDirectory)ActionLoadSector.h">
      <Filter>Engine\Kernel\Actions</Filter>
    </ClInclude>
    <ClInclude Include="$(MSBuildThisFileDirectory)XmlParseHelperAction.h">
      <Filter>XmlParseHelpers</Filter>
    </ClInclude>
    <ClInclude Include="$(MSBuildThisFileDirectory)XmlParseHelperActionEvent.h">
      <Filter>XmlParseHelpers</Filter>
    </ClInclude>
    <ClInclude Include="$(MSBuildThisFileDirectory)XmlParseHelperActionExpression.h">
      <Filter>XmlParseHelpers</Filter>
    </ClInclude>
    <ClInclude Include="$(MSBuildThisFileDirectory)XmlParseHelperActionIf.h">
      <Filter>XmlParseHelpers</Filter>
    </ClInclude>
    <ClInclude Include="$(MSBuildThisFileDirectory)XmlParseHelperActionSwitch.h">
      <Filter>XmlParseHelpers</Filter>
    </ClInclude>
    <ClInclude Include="$(MSBuildThisFileDirectory)XmlParseHelperActionWhile.h">
      <Filter>XmlParseHelpers</Filter>
    </ClInclude>
    <ClInclude Include="$(MSBuildThisFileDirectory)XmlParseHelperBeginPlay.h">
      <Filter>XmlParseHelpers</Filter>
    </ClInclude>
    <ClInclude Include="$(MSBuildThisFileDirectory)XmlParseHelperDefine.h">
      <Filter>XmlParseHelpers</Filter>
    </ClInclude>
    <ClInclude Include="$(MSBuildThisFileDirectory)XmlParseHelperDefineSector.h">
      <Filter>XmlParseHelpers</Filter>
    </ClInclude>
    <ClInclude Include="$(MSBuildThisFileDirectory)XmlParseHelperEntity.h">
      <Filter>XmlParseHelpers</Filter>
    </ClInclude>
    <ClInclude Include="$(MSBuildThisFileDirectory)XmlParseHelperNameValue.h">
      <Filter>XmlParseHelpers</Filter>
    </ClInclude>
    <ClInclude Include="$(MSBuildThisFileDirectory)XmlParseHelperOnDestroy.h">
      <Filter>XmlParseHelpers</Filter>
    </ClInclude>
    <ClInclude Include="$(MSBuildThisFileDirectory)XmlParseHelperPrimitives.h">
      <Filter>XmlParseHelpers</Filter>
    </ClInclude>
    <ClInclude Include="$(MSBuildThisFileDirectory)XmlParseHelperSector.h">
      <Filter>XmlParseHelpers</Filter>
    </ClInclude>
    <ClInclude Include="$(MSBuildThisFileDirectory)XmlParseHelperTable.h">
      <Filter>XmlParseHelpers</Filter>
    </ClInclude>
    <ClInclude Include="$(MSBuildThisFileDirectory)XmlParseHelperWorld.h">
      <Filter>XmlParseHelpers</Filter>
    </ClInclude>
    <ClInclude Include="$(MSBuildThisFileDirectory)ActionEvent.h">
      <Filter>Engine\Kernel\Reaction</Filter>
    </ClInclude>
    <ClInclude Include="$(MSBuildThisFileDirectory)EventMessageAttributed.h">
      <Filter>Engine\Kernel\Reaction</Filter>
    </ClInclude>
    <ClInclude Include="$(MSBuildThisFileDirectory)Reaction.h">
      <Filter>Engine\Kernel\Reaction</Filter>
    </ClInclude>
    <ClInclude Include="$(MSBuildThisFileDirectory)ReactionAttributed.h">
      <Filter>Engine\Kernel\Reaction</Filter>
    </ClInclude>
    <ClInclude Include="$(MSBuildThisFileDirectory)CircleColliderComponent.h">
      <Filter>Engine\Game</Filter>
    </ClInclude>
    <ClInclude Include="$(MSBuildThisFileDirectory)GameObject.h">
      <Filter>Engine\Game</Filter>
    </ClInclude>
    <ClInclude Include="$(MSBuildThisFileDirectory)AnimationFrame.h">
      <Filter>Engine\Graphics</Filter>
    </ClInclude>
    <ClInclude Include="$(MSBuildThisFileDirectory)AnimationState.h">
      <Filter>Engine\Graphics</Filter>
    </ClInclude>
    <ClInclude Include="$(MSBuildThisFileDirectory)Animator.h">
      <Filter>Engine\Graphics</Filter>
    </ClInclude>
    <ClInclude Include="$(MSBuildThisFileDirectory)BloomPostProcessing.h">
      <Filter>Engine\Graphics</Filter>
    </ClInclude>
    <ClInclude Include="$(MSBuildThisFileDirectory)Buffer.h">
      <Filter>Engine\Graphics</Filter>
    </ClInclude>
    <ClInclude Include="$(MSBuildThisFileDirectory)FrameBuffer.h">
      <Filter>Engine\Graphics</Filter>
    </ClInclude>
    <ClInclude Include="$(MSBuildThisFileDirectory)Image.h">
      <Filter>Engine\Graphics</Filter>
    </ClInclude>
    <ClInclude Include="$(MSBuildThisFileDirectory)LineParticle.h">
      <Filter>Engine\Graphics</Filter>
    </ClInclude>
    <ClInclude Include="$(MSBuildThisFileDirectory)ParticleSystem.h">
      <Filter>Engine\Graphics</Filter>
    </ClInclude>
    <ClInclude Include="$(MSBuildThisFileDirectory)PolygonRenderer.h">
      <Filter>Engine\Graphics</Filter>
    </ClInclude>
    <ClInclude Include="$(MSBuildThisFileDirectory)PostProcessing.h">
      <Filter>Engine\Graphics</Filter>
    </ClInclude>
    <ClInclude Include="$(MSBuildThisFileDirectory)Renderable.h">
      <Filter>Engine\Graphics</Filter>
    </ClInclude>
    <ClInclude Include="$(MSBuildThisFileDirectory)RenderDevice.h">
      <Filter>Engine\Graphics</Filter>
    </ClInclude>
    <ClInclude Include="$(MSBuildThisFileDirectory)Renderer.h">
      <Filter>Engine\Graphics</Filter>
    </ClInclude>
    <ClInclude Include="$(MSBuildThisFileDirectory)Shader.h">
      <Filter>Engine\Graphics</Filter>
    </ClInclude>
    <ClInclude Include="$(MSBuildThisFileDirectory)SpriteRenderer.h">
      <Filter>Engine\Graphics</Filter>
    </ClInclude>
    <ClInclude Include="$(MSBuildThisFileDirectory)Texture.h">
      <Filter>Engine\Graphics</Filter>
    </ClInclude>
    <ClInclude Include="$(MSBuildThisFileDirectory)XmlParseHelperAnimationFrame.h">
      <Filter>XmlParseHelpers</Filter>
    </ClInclude>
    <ClInclude Include="$(MSBuildThisFileDirectory)XmlParseHelperAnimationState.h">
      <Filter>XmlParseHelpers</Filter>
    </ClInclude>
    <ClInclude Include="$(MSBuildThisFileDirectory)XmlParseHelperAnimator.h">
      <Filter>XmlParseHelpers</Filter>
    </ClInclude>
    <ClInclude Include="$(MSBuildThisFileDirectory)XmlParseHelperCircleColliderComponent.h">
      <Filter>XmlParseHelpers</Filter>
    </ClInclude>
    <ClInclude Include="$(MSBuildThisFileDirectory)XmlParseHelperGameObject.h">
      <Filter>XmlParseHelpers</Filter>
    </ClInclude>
    <ClInclude Include="$(MSBuildThisFileDirectory)XmlParseHelperImage.h">
      <Filter>XmlParseHelpers</Filter>
    </ClInclude>
    <ClInclude Include="$(MSBuildThisFileDirectory)XmlParseHelperPolygon.h">
      <Filter>XmlParseHelpers</Filter>
    </ClInclude>
    <ClInclude Include="$(MSBuildThisFileDirectory)XmlParseHelperReaction.h">
      <Filter>XmlParseHelpers</Filter>
    </ClInclude>
    <ClInclude Include="$(MSBuildThisFileDirectory)XmlParseHelperSprite.h">
      <Filter>XmlParseHelpers</Filter>
    </ClInclude>
  </ItemGroup>
  <ItemGroup>
    <None Include="$(MSBuildThisFileDirectory)SharedPtr.inl">
      <Filter>Memory</Filter>
    </None>
    <None Include="$(MSBuildThisFileDirectory)UniquePtr.inl">
      <Filter>Memory</Filter>
    </None>
    <None Include="$(MSBuildThisFileDirectory)SList.inl">
      <Filter>Containers</Filter>
    </None>
    <None Include="$(MSBuildThisFileDirectory)Vector.inl">
      <Filter>Containers</Filter>
    </None>
    <None Include="$(MSBuildThisFileDirectory)Stack.inl">
      <Filter>Containers</Filter>
    </None>
    <None Include="$(MSBuildThisFileDirectory)Hashmap.inl">
      <Filter>Containers</Filter>
    </None>
    <None Include="$(MSBuildThisFileDirectory)Graph.inl">
      <Filter>Containers</Filter>
    </None>
    <None Include="$(MSBuildThisFileDirectory)Factory.inl">
      <Filter>Engine\Kernel</Filter>
    </None>
    <None Include="$(MSBuildThisFileDirectory)Event.inl">
      <Filter>Engine\Event</Filter>
    </None>
    <None Include="$(MSBuildThisFileDirectory)ParticleSystem.inl">
      <Filter>Engine\Graphics</Filter>
    </None>
  </ItemGroup>
  <ItemGroup>
    <ClCompile Include="$(MSBuildThisFileDirectory)HeapManager.cpp">
      <Filter>Memory</Filter>
    </ClCompile>
    <ClCompile Include="$(MSBuildThisFileDirectory)CustomHeap.cpp">
      <Filter>Memory</Filter>
    </ClCompile>
    <ClCompile Include="$(MSBuildThisFileDirectory)Memory.cpp">
      <Filter>Memory</Filter>
    </ClCompile>
    <ClCompile Include="$(MSBuildThisFileDirectory)SmartPtr.cpp">
      <Filter>Memory</Filter>
    </ClCompile>
    <ClCompile Include="$(MSBuildThisFileDirectory)DefaultHash.cpp">
      <Filter>Containers\DefaultAlgos</Filter>
    </ClCompile>
    <ClCompile Include="$(MSBuildThisFileDirectory)DefaultReserveStrategy.cpp">
      <Filter>Containers\DefaultAlgos</Filter>
    </ClCompile>
    <ClCompile Include="$(MSBuildThisFileDirectory)Datum.cpp">
      <Filter>Engine\Kernel</Filter>
    </ClCompile>
    <ClCompile Include="$(MSBuildThisFileDirectory)Scope.cpp">
      <Filter>Engine\Kernel</Filter>
    </ClCompile>
    <ClCompile Include="$(MSBuildThisFileDirectory)FileHandle.cpp">
      <Filter>Engine\File Handling</Filter>
    </ClCompile>
    <ClCompile Include="$(MSBuildThisFileDirectory)FileManager.cpp">
      <Filter>Engine\File Handling</Filter>
    </ClCompile>
    <ClCompile Include="$(MSBuildThisFileDirectory)Engine.cpp">
      <Filter>Engine\Kernel</Filter>
    </ClCompile>
    <ClCompile Include="$(MSBuildThisFileDirectory)EngineModule.cpp">
      <Filter>Engine\Kernel</Filter>
    </ClCompile>
    <ClCompile Include="$(MSBuildThisFileDirectory)RTTI.cpp">
      <Filter>Engine\Kernel</Filter>
    </ClCompile>
    <ClCompile Include="$(MSBuildThisFileDirectory)Attributed.cpp">
      <Filter>Engine\Kernel</Filter>
    </ClCompile>
    <ClCompile Include="$(MSBuildThisFileDirectory)Action.cpp">
      <Filter>Engine\Kernel</Filter>
    </ClCompile>
    <ClCompile Include="$(MSBuildThisFileDirectory)Entity.cpp">
      <Filter>Engine\Kernel</Filter>
    </ClCompile>
    <ClCompile Include="$(MSBuildThisFileDirectory)Sector.cpp">
      <Filter>Engine\Kernel</Filter>
    </ClCompile>
    <ClCompile Include="$(MSBuildThisFileDirectory)World.cpp">
      <Filter>Engine\Kernel</Filter>
    </ClCompile>
    <ClCompile Include="$(MSBuildThisFileDirectory)WorldState.cpp">
      <Filter>Engine\Kernel</Filter>
    </ClCompile>
    <ClCompile Include="$(MSBuildThisFileDirectory)GameClock.cpp">
      <Filter>Engine\Game</Filter>
    </ClCompile>
    <ClCompile Include="$(MSBuildThisFileDirectory)GameTime.cpp">
      <Filter>Engine\Game</Filter>
    </ClCompile>
    <ClCompile Include="$(MSBuildThisFileDirectory)SharedDataTable.cpp">
      <Filter>Engine\Game</Filter>
    </ClCompile>
    <ClCompile Include="$(MSBuildThisFileDirectory)EventPublisher.cpp">
      <Filter>Engine\Event</Filter>
    </ClCompile>
    <ClCompile Include="$(MSBuildThisFileDirectory)EventQueue.cpp">
      <Filter>Engine\Event</Filter>
    </ClCompile>
    <ClCompile Include="$(MSBuildThisFileDirectory)ActionCreateEntity.cpp">
      <Filter>Engine\Kernel\Actions</Filter>
    </ClCompile>
    <ClCompile Include="$(MSBuildThisFileDirectory)ActionDestroyEntity.cpp">
      <Filter>Engine\Kernel\Actions</Filter>
    </ClCompile>
    <ClCompile Include="$(MSBuildThisFileDirectory)ActionExpression.cpp">
      <Filter>Engine\Kernel\Actions</Filter>
    </ClCompile>
    <ClCompile Include="$(MSBuildThisFileDirectory)ActionIfThenElse.cpp">
      <Filter>Engine\Kernel\Actions</Filter>
    </ClCompile>
    <ClCompile Include="$(MSBuildThisFileDirectory)ActionList.cpp">
      <Filter>Engine\Kernel\Actions</Filter>
    </ClCompile>
    <ClCompile Include="$(MSBuildThisFileDirectory)ActionListSwitch.cpp">
      <Filter>Engine\Kernel\Actions</Filter>
    </ClCompile>
    <ClCompile Include="$(MSBuildThisFileDirectory)ActionWhileLoop.cpp">
      <Filter>Engine\Kernel\Actions</Filter>
    </ClCompile>
    <ClCompile Include="$(MSBuildThisFileDirectory)TestEngineModule.cpp">
      <Filter>Engine</Filter>
    </ClCompile>
    <ClCompile Include="$(MSBuildThisFileDirectory)XmlParseMaster.cpp">
      <Filter>Engine</Filter>
    </ClCompile>
    <ClCompile Include="$(MSBuildThisFileDirectory)ActionCreateEntityFromFile.cpp">
      <Filter>Engine\Kernel\Actions</Filter>
    </ClCompile>
    <ClCompile Include="$(MSBuildThisFileDirectory)ActionLoadSector.cpp">
      <Filter>Engine\Kernel\Actions</Filter>
    </ClCompile>
    <ClCompile Include="$(MSBuildThisFileDirectory)XmlParseHelperAction.cpp">
      <Filter>XmlParseHelpers</Filter>
    </ClCompile>
    <ClCompile Include="$(MSBuildThisFileDirectory)XmlParseHelperActionEvent.cpp">
      <Filter>XmlParseHelpers</Filter>
    </ClCompile>
    <ClCompile Include="$(MSBuildThisFileDirectory)XmlParseHelperActionExpression.cpp">
      <Filter>XmlParseHelpers</Filter>
    </ClCompile>
    <ClCompile Include="$(MSBuildThisFileDirectory)XmlParseHelperActionIf.cpp">
      <Filter>XmlParseHelpers</Filter>
    </ClCompile>
    <ClCompile Include="$(MSBuildThisFileDirectory)XmlParseHelperActionSwitch.cpp">
      <Filter>XmlParseHelpers</Filter>
    </ClCompile>
    <ClCompile Include="$(MSBuildThisFileDirectory)XmlParseHelperActionWhile.cpp">
      <Filter>XmlParseHelpers</Filter>
    </ClCompile>
    <ClCompile Include="$(MSBuildThisFileDirectory)XmlParseHelperBeginPlay.cpp">
      <Filter>XmlParseHelpers</Filter>
    </ClCompile>
    <ClCompile Include="$(MSBuildThisFileDirectory)XmlParseHelperDefine.cpp">
      <Filter>XmlParseHelpers</Filter>
    </ClCompile>
    <ClCompile Include="$(MSBuildThisFileDirectory)XmlParseHelperDefineSector.cpp">
      <Filter>XmlParseHelpers</Filter>
    </ClCompile>
    <ClCompile Include="$(MSBuildThisFileDirectory)XmlParseHelperEntity.cpp">
      <Filter>XmlParseHelpers</Filter>
    </ClCompile>
    <ClCompile Include="$(MSBuildThisFileDirectory)XmlParseHelperNameValue.cpp">
      <Filter>XmlParseHelpers</Filter>
    </ClCompile>
    <ClCompile Include="$(MSBuildThisFileDirectory)XmlParseHelperOnDestroy.cpp">
      <Filter>XmlParseHelpers</Filter>
    </ClCompile>
    <ClCompile Include="$(MSBuildThisFileDirectory)XmlParseHelperPrimitives.cpp">
      <Filter>XmlParseHelpers</Filter>
    </ClCompile>
    <ClCompile Include="$(MSBuildThisFileDirectory)XmlParseHelperSector.cpp">
      <Filter>XmlParseHelpers</Filter>
    </ClCompile>
    <ClCompile Include="$(MSBuildThisFileDirectory)XmlParseHelperTable.cpp">
      <Filter>XmlParseHelpers</Filter>
    </ClCompile>
    <ClCompile Include="$(MSBuildThisFileDirectory)XmlParseHelperWorld.cpp">
      <Filter>XmlParseHelpers</Filter>
    </ClCompile>
    <ClCompile Include="$(MSBuildThisFileDirectory)ActionEvent.cpp">
      <Filter>Engine\Kernel\Reaction</Filter>
    </ClCompile>
    <ClCompile Include="$(MSBuildThisFileDirectory)EventMessageAttributed.cpp">
      <Filter>Engine\Kernel\Reaction</Filter>
    </ClCompile>
    <ClCompile Include="$(MSBuildThisFileDirectory)Reaction.cpp">
      <Filter>Engine\Kernel\Reaction</Filter>
    </ClCompile>
    <ClCompile Include="$(MSBuildThisFileDirectory)ReactionAttributed.cpp">
      <Filter>Engine\Kernel\Reaction</Filter>
    </ClCompile>
    <ClCompile Include="$(MSBuildThisFileDirectory)CircleColliderComponent.cpp">
      <Filter>Engine\Game</Filter>
    </ClCompile>
    <ClCompile Include="$(MSBuildThisFileDirectory)GameObject.cpp">
      <Filter>Engine\Game</Filter>
    </ClCompile>
    <ClCompile Include="$(MSBuildThisFileDirectory)AnimationFrame.cpp">
      <Filter>Engine\Graphics</Filter>
    </ClCompile>
    <ClCompile Include="$(MSBuildThisFileDirectory)AnimationState.cpp">
      <Filter>Engine\Graphics</Filter>
    </ClCompile>
    <ClCompile Include="$(MSBuildThisFileDirectory)Animator.cpp">
      <Filter>Engine\Graphics</Filter>
    </ClCompile>
    <ClCompile Include="$(MSBuildThisFileDirectory)BloomPostProcessing.cpp">
      <Filter>Engine\Graphics</Filter>
    </ClCompile>
    <ClCompile Include="$(MSBuildThisFileDirectory)Image.cpp">
      <Filter>Engine\Graphics</Filter>
    </ClCompile>
    <ClCompile Include="$(MSBuildThisFileDirectory)LineParticle.cpp">
      <Filter>Engine\Graphics</Filter>
    </ClCompile>
    <ClCompile Include="$(MSBuildThisFileDirectory)PolygonRenderer.cpp">
      <Filter>Engine\Graphics</Filter>
    </ClCompile>
    <ClCompile Include="$(MSBuildThisFileDirectory)Renderer.cpp">
      <Filter>Engine\Graphics</Filter>
    </ClCompile>
    <ClCompile Include="$(MSBuildThisFileDirectory)Sprite.cpp">
      <Filter>Engine\Graphics</Filter>
    </ClCompile>
    <ClCompile Include="$(MSBuildThisFileDirectory)SpriteRenderer.cpp">
      <Filter>Engine\Graphics</Filter>
    </ClCompile>
    <ClCompile Include="$(MSBuildThisFileDirectory)XmlParseHelperAnimationFrame.cpp">
      <Filter>XmlParseHelpers</Filter>
    </ClCompile>
    <ClCompile Include="$(MSBuildThisFileDirectory)XmlParseHelperAnimationState.cpp">
      <Filter>XmlParseHelpers</Filter>
    </ClCompile>
    <ClCompile Include="$(MSBuildThisFileDirectory)XmlParseHelperAnimator.cpp">
      <Filter>XmlParseHelpers</Filter>
    </ClCompile>
    <ClCompile Include="$(MSBuildThisFileDirectory)XmlParseHelperCircleColliderComponent.cpp">
      <Filter>XmlParseHelpers</Filter>
    </ClCompile>
    <ClCompile Include="$(MSBuildThisFileDirectory)XmlParseHelperGameObject.cpp">
      <Filter>XmlParseHelpers</Filter>
    </ClCompile>
    <ClCompile Include="$(MSBuildThisFileDirectory)XmlParseHelperImage.cpp">
      <Filter>XmlParseHelpers</Filter>
    </ClCompile>
    <ClCompile Include="$(MSBuildThisFileDirectory)XmlParseHelperPolygon.cpp">
      <Filter>XmlParseHelpers</Filter>
    </ClCompile>
    <ClCompile Include="$(MSBuildThisFileDirectory)XmlParseHelperReaction.cpp">
      <Filter>XmlParseHelpers</Filter>
    </ClCompile>
    <ClCompile Include="$(MSBuildThisFileDirectory)XmlParseHelperSprite.cpp">
      <Filter>XmlParseHelpers</Filter>
    </ClCompile>
  </ItemGroup>
</Project>