<?xml version="1.0" encoding="utf-8"?>
<Project ToolsVersion="4.0" xmlns="http://schemas.microsoft.com/developer/msbuild/2003">
  <ItemGroup>
    <Filter Include="Common">
      <UniqueIdentifier>9cde7d2e-fef8-484c-b578-6c54dc7a2357</UniqueIdentifier>
    </Filter>
    <Filter Include="Assets">
      <UniqueIdentifier>91872a3f-dbc2-43d4-896d-7570da97e493</UniqueIdentifier>
      <Extensions>bmp;fbx;gif;jpg;jpeg;tga;tiff;tif;png</Extensions>
    </Filter>
    <Filter Include="Content">
      <UniqueIdentifier>60a83298-336b-4d5c-a077-83634ebab90d</UniqueIdentifier>
    </Filter>
    <ClInclude Include="Common\DirectXHelper.h">
      <Filter>Common</Filter>
    </ClInclude>
    <ClInclude Include="Common\StepTimer.h">
      <Filter>Common</Filter>
    </ClInclude>
    <ClInclude Include="Common\DeviceResources.h">
      <Filter>Common</Filter>
    </ClInclude>
    <ClCompile Include="Common\DeviceResources.cpp">
      <Filter>Common</Filter>
    </ClCompile>
    <ClInclude Include="Content\Sample3DSceneRenderer.h">
      <Filter>Content</Filter>
    </ClInclude>
    <ClInclude Include="Content\SampleFpsTextRenderer.h">
      <Filter>Content</Filter>
    </ClInclude>
    <ClInclude Include="Content\ShaderStructures.h">
      <Filter>Content</Filter>
    </ClInclude>
    <ClCompile Include="Content\Sample3DSceneRenderer.cpp">
      <Filter>Content</Filter>
    </ClCompile>
    <ClCompile Include="Content\SampleFpsTextRenderer.cpp">
      <Filter>Content</Filter>
    </ClCompile>
    <FxCompile Include="Content\SamplePixelShader.hlsl">
      <Filter>Content</Filter>
    </FxCompile>
    <FxCompile Include="Content\SampleVertexShader.hlsl">
      <Filter>Content</Filter>
    </FxCompile>
    <Image Include="Assets\LockScreenLogo.scale-200.png">
      <Filter>Assets</Filter>
    </Image>
    <Image Include="Assets\SplashScreen.scale-200.png">
      <Filter>Assets</Filter>
    </Image>
    <Image Include="Assets\Square150x150Logo.scale-200.png">
      <Filter>Assets</Filter>
    </Image>
    <Image Include="Assets\Square44x44Logo.scale-200.png">
      <Filter>Assets</Filter>
    </Image>
    <Image Include="Assets\Square44x44Logo.targetsize-24_altform-unplated.png">
      <Filter>Assets</Filter>
    </Image>
    <Image Include="Assets\Wide310x150Logo.scale-200.png">
      <Filter>Assets</Filter>
    </Image>
    <Filter Include="Shaders">
      <UniqueIdentifier>{f95492f7-ba86-4745-8e30-0f17d32cfcfc}</UniqueIdentifier>
    </Filter>
    <Filter Include="Graphics">
      <UniqueIdentifier>{582c22a1-4f43-495c-97cc-dfacc90d8db0}</UniqueIdentifier>
    </Filter>
    <Filter Include="Assets\config">
      <UniqueIdentifier>{336cf476-3e0b-4b02-986b-e6881ff5b49b}</UniqueIdentifier>
    </Filter>
    <Filter Include="Assets\resource">
      <UniqueIdentifier>{8ad37e7c-9c6b-4493-90c2-1fb088f1a815}</UniqueIdentifier>
    </Filter>
    <Filter Include="Assets\resource\digits">
      <UniqueIdentifier>{690b9839-b8bb-45bf-b846-863ec1657261}</UniqueIdentifier>
    </Filter>
  </ItemGroup>
  <ItemGroup>
    <ClCompile Include="App.cpp" />
    <ClCompile Include="Game_UWP_DirectX11Main.cpp" />
    <ClCompile Include="pch.cpp" />
    <ClCompile Include="D3DRenderBuffer.cpp">
      <Filter>Graphics</Filter>
    </ClCompile>
    <ClCompile Include="D3DRenderDevice.cpp">
      <Filter>Graphics</Filter>
    </ClCompile>
    <ClCompile Include="D3DShader.cpp">
      <Filter>Graphics</Filter>
    </ClCompile>
    <ClCompile Include="D3DTexture.cpp">
      <Filter>Graphics</Filter>
    </ClCompile>
    <ClCompile Include="GameException.cpp" />
    <ClCompile Include="UWPRenderDevice.cpp" />
  </ItemGroup>
  <ItemGroup>
    <ClInclude Include="App.h" />
    <ClInclude Include="Game_UWP_DirectX11Main.h" />
    <ClInclude Include="pch.h" />
    <ClInclude Include="D3DRenderBuffer.h">
      <Filter>Graphics</Filter>
    </ClInclude>
    <ClInclude Include="D3DRenderDevice.h">
      <Filter>Graphics</Filter>
    </ClInclude>
    <ClInclude Include="D3DShader.h">
      <Filter>Graphics</Filter>
    </ClInclude>
    <ClInclude Include="D3DTexture.h">
      <Filter>Graphics</Filter>
    </ClInclude>
    <ClInclude Include="GameException.h" />
    <ClInclude Include="UWPRenderDevice.h" />
  </ItemGroup>
  <ItemGroup>
    <Image Include="Assets\StoreLogo.png">
      <Filter>Assets</Filter>
    </Image>
    <Image Include="Assets\resource\mushroom.png">
      <Filter>Assets\resource</Filter>
    </Image>
    <Image Include="Assets\resource\background2.png">
      <Filter>Assets\resource</Filter>
    </Image>
    <Image Include="Assets\resource\bomb.png">
      <Filter>Assets\resource</Filter>
    </Image>
    <Image Include="Assets\resource\gameover.png">
      <Filter>Assets\resource</Filter>
    </Image>
    <Image Include="Assets\resource\life.png">
      <Filter>Assets\resource</Filter>
    </Image>
    <Image Include="Assets\resource\title.png">
      <Filter>Assets\resource</Filter>
    </Image>
    <Image Include="Assets\resource\digits\0.png">
      <Filter>Assets\resource\digits</Filter>
    </Image>
    <Image Include="Assets\resource\digits\1.png">
      <Filter>Assets\resource\digits</Filter>
    </Image>
    <Image Include="Assets\resource\digits\2.png">
      <Filter>Assets\resource\digits</Filter>
    </Image>
    <Image Include="Assets\resource\digits\3.png">
      <Filter>Assets\resource\digits</Filter>
    </Image>
    <Image Include="Assets\resource\digits\4.png">
      <Filter>Assets\resource\digits</Filter>
    </Image>
    <Image Include="Assets\resource\digits\5.png">
      <Filter>Assets\resource\digits</Filter>
    </Image>
    <Image Include="Assets\resource\digits\6.png">
      <Filter>Assets\resource\digits</Filter>
    </Image>
    <Image Include="Assets\resource\digits\7.png">
      <Filter>Assets\resource\digits</Filter>
    </Image>
    <Image Include="Assets\resource\digits\8.png">
      <Filter>Assets\resource\digits</Filter>
    </Image>
    <Image Include="Assets\resource\digits\9.png">
      <Filter>Assets\resource\digits</Filter>
    </Image>
    <Image Include="Assets\resource\digits\10.png">
      <Filter>Assets\resource\digits</Filter>
    </Image>
    <Image Include="Assets\resource\digits\10_2.png">
      <Filter>Assets\resource\digits</Filter>
    </Image>
    <Image Include="Assets\resource\digits\11.png">
      <Filter>Assets\resource\digits</Filter>
    </Image>
    <Image Include="Assets\resource\digits\11_2.png">
      <Filter>Assets\resource\digits</Filter>
    </Image>
    <Image Include="Assets\resource\digits\12.png">
      <Filter>Assets\resource\digits</Filter>
    </Image>
    <Image Include="Assets\resource\digits\12_2.png">
      <Filter>Assets\resource\digits</Filter>
    </Image>
    <Image Include="Assets\resource\digits\13.png">
      <Filter>Assets\resource\digits</Filter>
    </Image>
    <Image Include="Assets\resource\digits\13_2.png">
      <Filter>Assets\resource\digits</Filter>
    </Image>
    <Image Include="Assets\resource\digits\14.png">
      <Filter>Assets\resource\digits</Filter>
    </Image>
    <Image Include="Assets\resource\digits\14_2.png">
      <Filter>Assets\resource\digits</Filter>
    </Image>
    <Image Include="Assets\resource\digits\15.png">
      <Filter>Assets\resource\digits</Filter>
    </Image>
    <Image Include="Assets\resource\digits\15_2.png">
      <Filter>Assets\resource\digits</Filter>
    </Image>
  </ItemGroup>
  <ItemGroup>
    <AppxManifest Include="Package.appxmanifest" />
  </ItemGroup>
  <ItemGroup>
    <None Include="Game.UWP.DirectX11_TemporaryKey.pfx" />
    <None Include="packages.config" />
  </ItemGroup>
  <ItemGroup>
    <FxCompile Include="GeometryShader.hlsl">
      <Filter>Shaders</Filter>
    </FxCompile>
    <FxCompile Include="PixelShader.hlsl">
      <Filter>Shaders</Filter>
    </FxCompile>
    <FxCompile Include="SpritePixelShader.hlsl">
      <Filter>Shaders</Filter>
    </FxCompile>
    <FxCompile Include="SpriteVertexShader.hlsl">
      <Filter>Shaders</Filter>
    </FxCompile>
    <FxCompile Include="VertexShader.hlsl">
      <Filter>Shaders</Filter>
    </FxCompile>
  </ItemGroup>
  <ItemGroup>
    <Xml Include="Assets\config\sprite.xml">
      <Filter>Assets\config</Filter>
    </Xml>
    <Xml Include="Assets\config\bullet.xml">
      <Filter>Assets\config</Filter>
    </Xml>
    <Xml Include="Assets\config\collect_multiplier.xml">
      <Filter>Assets\config</Filter>
    </Xml>
    <Xml Include="Assets\config\enemy_arrow.xml">
      <Filter>Assets\config</Filter>
    </Xml>
    <Xml Include="Assets\config\enemy_cube.xml">
      <Filter>Assets\config</Filter>
    </Xml>
    <Xml Include="Assets\config\enemy_diamond.xml">
      <Filter>Assets\config</Filter>
    </Xml>
    <Xml Include="Assets\config\enemy_pinwheel.xml">
      <Filter>Assets\config</Filter>
    </Xml>
    <Xml Include="Assets\config\enemy_spawner.xml">
      <Filter>Assets\config</Filter>
    </Xml>
    <Xml Include="Assets\config\GameOver.xml">
      <Filter>Assets\config</Filter>
    </Xml>
    <Xml Include="Assets\config\geometrywars_test.xml">
      <Filter>Assets\config</Filter>
    </Xml>
    <Xml Include="Assets\config\InGameSector.xml">
      <Filter>Assets\config</Filter>
    </Xml>
    <Xml Include="Assets\config\player1.xml">
      <Filter>Assets\config</Filter>
    </Xml>
    <Xml Include="Assets\config\StartMenu.xml">
      <Filter>Assets\config</Filter>
    </Xml>
    <Xml Include="Assets\config\polygon.xml">
      <Filter>Assets\config</Filter>
    </Xml>
  </ItemGroup>
</Project>